// !$*UTF8*$!
{
	archiveVersion = 1;
	classes = {
	};
	objectVersion = 48;
	objects = {

/* Begin PBXBuildFile section */
		F12DB067208E22B40023A6A9 /* AppDelegate.m in Sources */ = {isa = PBXBuildFile; fileRef = F12DB066208E22B40023A6A9 /* AppDelegate.m */; };
		F12DB06A208E22B50023A6A9 /* ViewController.m in Sources */ = {isa = PBXBuildFile; fileRef = F12DB069208E22B50023A6A9 /* ViewController.m */; };
		F12DB06D208E22B50023A6A9 /* Main.storyboard in Resources */ = {isa = PBXBuildFile; fileRef = F12DB06B208E22B50023A6A9 /* Main.storyboard */; };
		F12DB06F208E22B50023A6A9 /* Assets.xcassets in Resources */ = {isa = PBXBuildFile; fileRef = F12DB06E208E22B50023A6A9 /* Assets.xcassets */; };
		F12DB072208E22B50023A6A9 /* LaunchScreen.storyboard in Resources */ = {isa = PBXBuildFile; fileRef = F12DB070208E22B50023A6A9 /* LaunchScreen.storyboard */; };
		F12DB075208E22B50023A6A9 /* main.m in Sources */ = {isa = PBXBuildFile; fileRef = F12DB074208E22B50023A6A9 /* main.m */; };
		F12DB07D208E25550023A6A9 /* MyScrollView.m in Sources */ = {isa = PBXBuildFile; fileRef = F12DB07C208E25550023A6A9 /* MyScrollView.m */; };
		F12DB080208E2CD20023A6A9 /* testView.m in Sources */ = {isa = PBXBuildFile; fileRef = F12DB07F208E2CD20023A6A9 /* testView.m */; };
/* End PBXBuildFile section */

/* Begin PBXFileReference section */
		F12DB062208E22B40023A6A9 /* MyScrollView.app */ = {isa = PBXFileReference; explicitFileType = wrapper.application; includeInIndex = 0; path = MyScrollView.app; sourceTree = BUILT_PRODUCTS_DIR; };
		F12DB065208E22B40023A6A9 /* AppDelegate.h */ = {isa = PBXFileReference; lastKnownFileType = sourcecode.c.h; path = AppDelegate.h; sourceTree = "<group>"; };
		F12DB066208E22B40023A6A9 /* AppDelegate.m */ = {isa = PBXFileReference; lastKnownFileType = sourcecode.c.objc; path = AppDelegate.m; sourceTree = "<group>"; };
		F12DB068208E22B40023A6A9 /* ViewController.h */ = {isa = PBXFileReference; lastKnownFileType = sourcecode.c.h; path = ViewController.h; sourceTree = "<group>"; };
		F12DB069208E22B50023A6A9 /* ViewController.m */ = {isa = PBXFileReference; lastKnownFileType = sourcecode.c.objc; path = ViewController.m; sourceTree = "<group>"; };
		F12DB06C208E22B50023A6A9 /* Base */ = {isa = PBXFileReference; lastKnownFileType = file.storyboard; name = Base; path = Base.lproj/Main.storyboard; sourceTree = "<group>"; };
		F12DB06E208E22B50023A6A9 /* Assets.xcassets */ = {isa = PBXFileReference; lastKnownFileType = folder.assetcatalog; path = Assets.xcassets; sourceTree = "<group>"; };
		F12DB071208E22B50023A6A9 /* Base */ = {isa = PBXFileReference; lastKnownFileType = file.storyboard; name = Base; path = Base.lproj/LaunchScreen.storyboard; sourceTree = "<group>"; };
		F12DB073208E22B50023A6A9 /* Info.plist */ = {isa = PBXFileReference; lastKnownFileType = text.plist.xml; path = Info.plist; sourceTree = "<group>"; };
		F12DB074208E22B50023A6A9 /* main.m */ = {isa = PBXFileReference; lastKnownFileType = sourcecode.c.objc; path = main.m; sourceTree = "<group>"; };
		F12DB07B208E25550023A6A9 /* MyScrollView.h */ = {isa = PBXFileReference; lastKnownFileType = sourcecode.c.h; path = MyScrollView.h; sourceTree = "<group>"; };
		F12DB07C208E25550023A6A9 /* MyScrollView.m */ = {isa = PBXFileReference; lastKnownFileType = sourcecode.c.objc; path = MyScrollView.m; sourceTree = "<group>"; };
		F12DB07E208E2CD20023A6A9 /* testView.h */ = {isa = PBXFileReference; lastKnownFileType = sourcecode.c.h; path = testView.h; sourceTree = "<group>"; };
		F12DB07F208E2CD20023A6A9 /* testView.m */ = {isa = PBXFileReference; lastKnownFileType = sourcecode.c.objc; path = testView.m; sourceTree = "<group>"; };
/* End PBXFileReference section */

/* Begin PBXFrameworksBuildPhase section */
		F12DB05F208E22B40023A6A9 /* Frameworks */ = {
			isa = PBXFrameworksBuildPhase;
			buildActionMask = 2147483647;
			files = (
			);
			runOnlyForDeploymentPostprocessing = 0;
		};
/* End PBXFrameworksBuildPhase section */

/* Begin PBXGroup section */
		F12DB059208E22B40023A6A9 = {
			isa = PBXGroup;
			children = (
				F12DB064208E22B40023A6A9 /* MyScrollView */,
				F12DB063208E22B40023A6A9 /* Products */,
			);
			sourceTree = "<group>";
		};
		F12DB063208E22B40023A6A9 /* Products */ = {
			isa = PBXGroup;
			children = (
				F12DB062208E22B40023A6A9 /* MyScrollView.app */,
			);
			name = Products;
			sourceTree = "<group>";
		};
		F12DB064208E22B40023A6A9 /* MyScrollView */ = {
			isa = PBXGroup;
			children = (
				F12DB065208E22B40023A6A9 /* AppDelegate.h */,
				F12DB066208E22B40023A6A9 /* AppDelegate.m */,
				F12DB068208E22B40023A6A9 /* ViewController.h */,
				F12DB069208E22B50023A6A9 /* ViewController.m */,
				F12DB07B208E25550023A6A9 /* MyScrollView.h */,
				F12DB07C208E25550023A6A9 /* MyScrollView.m */,
				F12DB06B208E22B50023A6A9 /* Main.storyboard */,
				F12DB07E208E2CD20023A6A9 /* testView.h */,
				F12DB07F208E2CD20023A6A9 /* testView.m */,
				F12DB06E208E22B50023A6A9 /* Assets.xcassets */,
				F12DB070208E22B50023A6A9 /* LaunchScreen.storyboard */,
				F12DB073208E22B50023A6A9 /* Info.plist */,
				F12DB074208E22B50023A6A9 /* main.m */,
			);
			path = MyScrollView;
			sourceTree = "<group>";
		};
/* End PBXGroup section */

/* Begin PBXNativeTarget section */
		F12DB061208E22B40023A6A9 /* MyScrollView */ = {
			isa = PBXNativeTarget;
			buildConfigurationList = F12DB078208E22B50023A6A9 /* Build configuration list for PBXNativeTarget "MyScrollView" */;
			buildPhases = (
				F12DB05E208E22B40023A6A9 /* Sources */,
				F12DB05F208E22B40023A6A9 /* Frameworks */,
				F12DB060208E22B40023A6A9 /* Resources */,
			);
			buildRules = (
			);
			dependencies = (
			);
			name = MyScrollView;
			productName = MyScrollView;
			productReference = F12DB062208E22B40023A6A9 /* MyScrollView.app */;
			productType = "com.apple.product-type.application";
		};
/* End PBXNativeTarget section */

/* Begin PBXProject section */
		F12DB05A208E22B40023A6A9 /* Project object */ = {
			isa = PBXProject;
			attributes = {
				LastUpgradeCheck = 0920;
				ORGANIZATIONNAME = "Raman Singh";
				TargetAttributes = {
					F12DB061208E22B40023A6A9 = {
						CreatedOnToolsVersion = 9.2;
						ProvisioningStyle = Automatic;
					};
				};
			};
			buildConfigurationList = F12DB05D208E22B40023A6A9 /* Build configuration list for PBXProject "MyScrollView" */;
			compatibilityVersion = "Xcode 8.0";
			developmentRegion = en;
			hasScannedForEncodings = 0;
			knownRegions = (
				en,
				Base,
			);
			mainGroup = F12DB059208E22B40023A6A9;
			productRefGroup = F12DB063208E22B40023A6A9 /* Products */;
			projectDirPath = "";
			projectRoot = "";
			targets = (
				F12DB061208E22B40023A6A9 /* MyScrollView */,
			);
		};
/* End PBXProject section */

/* Begin PBXResourcesBuildPhase section */
		F12DB060208E22B40023A6A9 /* Resources */ = {
			isa = PBXResourcesBuildPhase;
			buildActionMask = 2147483647;
			files = (
				F12DB072208E22B50023A6A9 /* LaunchScreen.storyboard in Resources */,
				F12DB06F208E22B50023A6A9 /* Assets.xcassets in Resources */,
				F12DB06D208E22B50023A6A9 /* Main.storyboard in Resources */,
			);
			runOnlyForDeploymentPostprocessing = 0;
		};
/* End PBXResourcesBuildPhase section */

/* Begin PBXSourcesBuildPhase section */
		F12DB05E208E22B40023A6A9 /* Sources */ = {
			isa = PBXSourcesBuildPhase;
			buildActionMask = 2147483647;
			files = (
				F12DB06A208E22B50023A6A9 /* ViewController.m in Sources */,
				F12DB07D208E25550023A6A9 /* MyScrollView.m in Sources */,
				F12DB075208E22B50023A6A9 /* main.m in Sources */,
				F12DB080208E2CD20023A6A9 /* testView.m in Sources */,
				F12DB067208E22B40023A6A9 /* AppDelegate.m in Sources */,
			);
			runOnlyForDeploymentPostprocessing = 0;
		};
/* End PBXSourcesBuildPhase section */

/* Begin PBXVariantGroup section */
		F12DB06B208E22B50023A6A9 /* Main.storyboard */ = {
			isa = PBXVariantGroup;
			children = (
				F12DB06C208E22B50023A6A9 /* Base */,
			);
			name = Main.storyboard;
			sourceTree = "<group>";
		};
		F12DB070208E22B50023A6A9 /* LaunchScreen.storyboard */ = {
			isa = PBXVariantGroup;
			children = (
				F12DB071208E22B50023A6A9 /* Base */,
			);
			name = LaunchScreen.storyboard;
			sourceTree = "<group>";
		};
/* End PBXVariantGroup section */

/* Begin XCBuildConfiguration section */
		F12DB076208E22B50023A6A9 /* Debug */ = {
			isa = XCBuildConfiguration;
			buildSettings = {
				ALWAYS_SEARCH_USER_PATHS = NO;
				CLANG_ANALYZER_NONNULL = YES;
				CLANG_ANALYZER_NUMBER_OBJECT_CONVERSION = YES_AGGRESSIVE;
				CLANG_CXX_LANGUAGE_STANDARD = "gnu++14";
				CLANG_CXX_LIBRARY = "libc++";
				CLANG_ENABLE_MODULES = YES;
				CLANG_ENABLE_OBJC_ARC = YES;
				CLANG_WARN_BLOCK_CAPTURE_AUTORELEASING = YES;
				CLANG_WARN_BOOL_CONVERSION = YES;
				CLANG_WARN_COMMA = YES;
				CLANG_WARN_CONSTANT_CONVERSION = YES;
				CLANG_WARN_DIRECT_OBJC_ISA_USAGE = YES_ERROR;
				CLANG_WARN_DOCUMENTATION_COMMENTS = YES;
				CLANG_WARN_EMPTY_BODY = YES;
				CLANG_WARN_ENUM_CONVERSION = YES;
				CLANG_WARN_INFINITE_RECURSION = YES;
				CLANG_WARN_INT_CONVERSION = YES;
				CLANG_WARN_NON_LITERAL_NULL_CONVERSION = YES;
				CLANG_WARN_OBJC_LITERAL_CONVERSION = YES;
				CLANG_WARN_OBJC_ROOT_CLASS = YES_ERROR;
				CLANG_WARN_RANGE_LOOP_ANALYSIS = YES;
				CLANG_WARN_STRICT_PROTOTYPES = YES;
				CLANG_WARN_SUSPICIOUS_MOVE = YES;
				CLANG_WARN_UNGUARDED_AVAILABILITY = YES_AGGRESSIVE;
				CLANG_WARN_UNREACHABLE_CODE = YES;
				CLANG_WARN__DUPLICATE_METHOD_MATCH = YES;
				CODE_SIGN_IDENTITY = "iPhone Developer";
				COPY_PHASE_STRIP = NO;
				DEBUG_INFORMATION_FORMAT = dwarf;
				ENABLE_STRICT_OBJC_MSGSEND = YES;
				ENABLE_TESTABILITY = YES;
				GCC_C_LANGUAGE_STANDARD = gnu11;
				GCC_DYNAMIC_NO_PIC = NO;
				GCC_NO_COMMON_BLOCKS = YES;
				GCC_OPTIMIZATION_LEVEL = 0;
				GCC_PREPROCESSOR_DEFINITIONS = (
					"DEBUG=1",
					"$(inherited)",
				);
				GCC_WARN_64_TO_32_BIT_CONVERSION = YES;
				GCC_WARN_ABOUT_RETURN_TYPE = YES_ERROR;
				GCC_WARN_UNDECLARED_SELECTOR = YES;
				GCC_WARN_UNINITIALIZED_AUTOS = YES_AGGRESSIVE;
				GCC_WARN_UNUSED_FUNCTION = YES;
				GCC_WARN_UNUSED_VARIABLE = YES;
				IPHONEOS_DEPLOYMENT_TARGET = 11.2;
				MTL_ENABLE_DEBUG_INFO = YES;
				ONLY_ACTIVE_ARCH = YES;
				SDKROOT = iphoneos;
			};
			name = Debug;
		};
		F12DB077208E22B50023A6A9 /* Release */ = {
			isa = XCBuildConfiguration;
			buildSettings = {
				ALWAYS_SEARCH_USER_PATHS = NO;
				CLANG_ANALYZER_NONNULL = YES;
				CLANG_ANALYZER_NUMBER_OBJECT_CONVERSION = YES_AGGRESSIVE;
				CLANG_CXX_LANGUAGE_STANDARD = "gnu++14";
				CLANG_CXX_LIBRARY = "libc++";
				CLANG_ENABLE_MODULES = YES;
				CLANG_ENABLE_OBJC_ARC = YES;
				CLANG_WARN_BLOCK_CAPTURE_AUTORELEASING = YES;
				CLANG_WARN_BOOL_CONVERSION = YES;
				CLANG_WARN_COMMA = YES;
				CLANG_WARN_CONSTANT_CONVERSION = YES;
				CLANG_WARN_DIRECT_OBJC_ISA_USAGE = YES_ERROR;
				CLANG_WARN_DOCUMENTATION_COMMENTS = YES;
				CLANG_WARN_EMPTY_BODY = YES;
				CLANG_WARN_ENUM_CONVERSION = YES;
				CLANG_WARN_INFINITE_RECURSION = YES;
				CLANG_WARN_INT_CONVERSION = YES;
				CLANG_WARN_NON_LITERAL_NULL_CONVERSION = YES;
				CLANG_WARN_OBJC_LITERAL_CONVERSION = YES;
				CLANG_WARN_OBJC_ROOT_CLASS = YES_ERROR;
				CLANG_WARN_RANGE_LOOP_ANALYSIS = YES;
				CLANG_WARN_STRICT_PROTOTYPES = YES;
				CLANG_WARN_SUSPICIOUS_MOVE = YES;
				CLANG_WARN_UNGUARDED_AVAILABILITY = YES_AGGRESSIVE;
				CLANG_WARN_UNREACHABLE_CODE = YES;
				CLANG_WARN__DUPLICATE_METHOD_MATCH = YES;
				CODE_SIGN_IDENTITY = "iPhone Developer";
				COPY_PHASE_STRIP = NO;
				DEBUG_INFORMATION_FORMAT = "dwarf-with-dsym";
				ENABLE_NS_ASSERTIONS = NO;
				ENABLE_STRICT_OBJC_MSGSEND = YES;
				GCC_C_LANGUAGE_STANDARD = gnu11;
				GCC_NO_COMMON_BLOCKS = YES;
				GCC_WARN_64_TO_32_BIT_CONVERSION = YES;
				GCC_WARN_ABOUT_RETURN_TYPE = YES_ERROR;
				GCC_WARN_UNDECLARED_SELECTOR = YES;
				GCC_WARN_UNINITIALIZED_AUTOS = YES_AGGRESSIVE;
				GCC_WARN_UNUSED_FUNCTION = YES;
				GCC_WARN_UNUSED_VARIABLE = YES;
				IPHONEOS_DEPLOYMENT_TARGET = 11.2;
				MTL_ENABLE_DEBUG_INFO = NO;
				SDKROOT = iphoneos;
				VALIDATE_PRODUCT = YES;
			};
			name = Release;
		};
		F12DB079208E22B50023A6A9 /* Debug */ = {
			isa = XCBuildConfiguration;
			buildSettings = {
				ASSETCATALOG_COMPILER_APPICON_NAME = AppIcon;
				CODE_SIGN_STYLE = Automatic;
				DEVELOPMENT_TEAM = UE52HE9BWK;
				INFOPLIST_FILE = MyScrollView/Info.plist;
				LD_RUNPATH_SEARCH_PATHS = "$(inherited) @executable_path/Frameworks";
				PRODUCT_BUNDLE_IDENTIFIER = com.Singh4282.MyScrollView;
				PRODUCT_NAME = "$(TARGET_NAME)";
				TARGETED_DEVICE_FAMILY = "1,2";
			};
			name = Debug;
		};
		F12DB07A208E22B50023A6A9 /* Release */ = {
			isa = XCBuildConfiguration;
			buildSettings = {
				ASSETCATALOG_COMPILER_APPICON_NAME = AppIcon;
				CODE_SIGN_STYLE = Automatic;
				DEVELOPMENT_TEAM = UE52HE9BWK;
				INFOPLIST_FILE = MyScrollView/Info.plist;
				LD_RUNPATH_SEARCH_PATHS = "$(inherited) @executable_path/Frameworks";
				PRODUCT_BUNDLE_IDENTIFIER = com.Singh4282.MyScrollView;
				PRODUCT_NAME = "$(TARGET_NAME)";
				TARGETED_DEVICE_FAMILY = "1,2";
			};
			name = Release;
		};
/* End XCBuildConfiguration section */

/* Begin XCConfigurationList section */
		F12DB05D208E22B40023A6A9 /* Build configuration list for PBXProject "MyScrollView" */ = {
			isa = XCConfigurationList;
			buildConfigurations = (
				F12DB076208E22B50023A6A9 /* Debug */,
				F12DB077208E22B50023A6A9 /* Release */,
			);
			defaultConfigurationIsVisible = 0;
			defaultConfigurationName = Release;
		};
		F12DB078208E22B50023A6A9 /* Build configuration list for PBXNativeTarget "MyScrollView" */ = {
			isa = XCConfigurationList;
			buildConfigurations = (
				F12DB079208E22B50023A6A9 /* Debug */,
				F12DB07A208E22B50023A6A9 /* Release */,
			);
			defaultConfigurationIsVisible = 0;
			defaultConfigurationName = Release;
		};
/* End XCConfigurationList section */
	};
	rootObject = F12DB05A208E22B40023A6A9 /* Project object */;
}
